
Microsoft Visual Studio Solution File, Format Version 12.00
# Visual Studio Version 17
VisualStudioVersion = 17.4.33403.182
MinimumVisualStudioVersion = 10.0.40219.1
Project("{FAE04EC0-301F-11D3-BF4B-00C04F79EFBC}") = "User.Management.API", "User.Management.API.csproj", "{F15E075A-EEF1-44D3-955C-B85B54BEFE46}"
EndProject
Global
	GlobalSection(SolutionConfigurationPlatforms) = preSolution
		Debug|Any CPU = Debug|Any CPU
		Release|Any CPU = Release|Any CPU
	EndGlobalSection
	GlobalSection(ProjectConfigurationPlatforms) = postSolution
		{F15E075A-EEF1-44D3-955C-B85B54BEFE46}.Debug|Any CPU.ActiveCfg = Debug|Any CPU
		{F15E075A-EEF1-44D3-955C-B85B54BEFE46}.Debug|Any CPU.Build.0 = Debug|Any CPU
		{F15E075A-EEF1-44D3-955C-B85B54BEFE46}.Release|Any CPU.ActiveCfg = Release|Any CPU
		{F15E075A-EEF1-44D3-955C-B85B54BEFE46}.Release|Any CPU.Build.0 = Release|Any CPU
	EndGlobalSection
	GlobalSection(SolutionProperties) = preSolution
		HideSolutionNode = FALSE
	EndGlobalSection
	GlobalSection(ExtensibilityGlobals) = postSolution
		SolutionGuid = {214C7046-F6FD-44E4-992C-471FF39E5241}
	EndGlobalSection
EndGlobal
